// !$*UTF8*$!
{
	archiveVersion = 1;
	classes = {
	};
	objectVersion = 46;
	objects = {

/* Begin PBXBuildFile section */
		86C4170D1C7449F9008C6FE7 /* AppDelegate.swift in Sources */ = {isa = PBXBuildFile; fileRef = 86C4170C1C7449F9008C6FE7 /* AppDelegate.swift */; };
		86C4170F1C7449F9008C6FE7 /* ViewController.swift in Sources */ = {isa = PBXBuildFile; fileRef = 86C4170E1C7449F9008C6FE7 /* ViewController.swift */; };
		86C417121C7449F9008C6FE7 /* Main.storyboard in Resources */ = {isa = PBXBuildFile; fileRef = 86C417101C7449F9008C6FE7 /* Main.storyboard */; };
		86C417141C7449F9008C6FE7 /* Assets.xcassets in Resources */ = {isa = PBXBuildFile; fileRef = 86C417131C7449F9008C6FE7 /* Assets.xcassets */; };
		86C417171C7449F9008C6FE7 /* LaunchScreen.storyboard in Resources */ = {isa = PBXBuildFile; fileRef = 86C417151C7449F9008C6FE7 /* LaunchScreen.storyboard */; };
		86C417221C7449F9008C6FE7 /* HW_3Tests.swift in Sources */ = {isa = PBXBuildFile; fileRef = 86C417211C7449F9008C6FE7 /* HW_3Tests.swift */; };
		86C4172D1C7449F9008C6FE7 /* HW_3UITests.swift in Sources */ = {isa = PBXBuildFile; fileRef = 86C4172C1C7449F9008C6FE7 /* HW_3UITests.swift */; };
/* End PBXBuildFile section */

/* Begin PBXContainerItemProxy section */
		86C4171E1C7449F9008C6FE7 /* PBXContainerItemProxy */ = {
			isa = PBXContainerItemProxy;
			containerPortal = 86C417011C7449F9008C6FE7 /* Project object */;
			proxyType = 1;
			remoteGlobalIDString = 86C417081C7449F9008C6FE7;
			remoteInfo = "HW 3";
		};
		86C417291C7449F9008C6FE7 /* PBXContainerItemProxy */ = {
			isa = PBXContainerItemProxy;
			containerPortal = 86C417011C7449F9008C6FE7 /* Project object */;
			proxyType = 1;
			remoteGlobalIDString = 86C417081C7449F9008C6FE7;
			remoteInfo = "HW 3";
		};
/* End PBXContainerItemProxy section */

/* Begin PBXFileReference section */
		86C417091C7449F9008C6FE7 /* HW 3.app */ = {isa = PBXFileReference; explicitFileType = wrapper.application; includeInIndex = 0; path = "HW 3.app"; sourceTree = BUILT_PRODUCTS_DIR; };
		86C4170C1C7449F9008C6FE7 /* AppDelegate.swift */ = {isa = PBXFileReference; lastKnownFileType = sourcecode.swift; path = AppDelegate.swift; sourceTree = "<group>"; };
		86C4170E1C7449F9008C6FE7 /* ViewController.swift */ = {isa = PBXFileReference; lastKnownFileType = sourcecode.swift; path = ViewController.swift; sourceTree = "<group>"; };
		86C417111C7449F9008C6FE7 /* Base */ = {isa = PBXFileReference; lastKnownFileType = file.storyboard; name = Base; path = Base.lproj/Main.storyboard; sourceTree = "<group>"; };
		86C417131C7449F9008C6FE7 /* Assets.xcassets */ = {isa = PBXFileReference; lastKnownFileType = folder.assetcatalog; path = Assets.xcassets; sourceTree = "<group>"; };
		86C417161C7449F9008C6FE7 /* Base */ = {isa = PBXFileReference; lastKnownFileType = file.storyboard; name = Base; path = Base.lproj/LaunchScreen.storyboard; sourceTree = "<group>"; };
		86C417181C7449F9008C6FE7 /* Info.plist */ = {isa = PBXFileReference; lastKnownFileType = text.plist.xml; path = Info.plist; sourceTree = "<group>"; };
		86C4171D1C7449F9008C6FE7 /* HW 3Tests.xctest */ = {isa = PBXFileReference; explicitFileType = wrapper.cfbundle; includeInIndex = 0; path = "HW 3Tests.xctest"; sourceTree = BUILT_PRODUCTS_DIR; };
		86C417211C7449F9008C6FE7 /* HW_3Tests.swift */ = {isa = PBXFileReference; lastKnownFileType = sourcecode.swift; path = HW_3Tests.swift; sourceTree = "<group>"; };
		86C417231C7449F9008C6FE7 /* Info.plist */ = {isa = PBXFileReference; lastKnownFileType = text.plist.xml; path = Info.plist; sourceTree = "<group>"; };
		86C417281C7449F9008C6FE7 /* HW 3UITests.xctest */ = {isa = PBXFileReference; explicitFileType = wrapper.cfbundle; includeInIndex = 0; path = "HW 3UITests.xctest"; sourceTree = BUILT_PRODUCTS_DIR; };
		86C4172C1C7449F9008C6FE7 /* HW_3UITests.swift */ = {isa = PBXFileReference; lastKnownFileType = sourcecode.swift; path = HW_3UITests.swift; sourceTree = "<group>"; };
		86C4172E1C7449F9008C6FE7 /* Info.plist */ = {isa = PBXFileReference; lastKnownFileType = text.plist.xml; path = Info.plist; sourceTree = "<group>"; };
/* End PBXFileReference section */

/* Begin PBXFrameworksBuildPhase section */
		86C417061C7449F9008C6FE7 /* Frameworks */ = {
			isa = PBXFrameworksBuildPhase;
			buildActionMask = 2147483647;
			files = (
			);
			runOnlyForDeploymentPostprocessing = 0;
		};
		86C4171A1C7449F9008C6FE7 /* Frameworks */ = {
			isa = PBXFrameworksBuildPhase;
			buildActionMask = 2147483647;
			files = (
			);
			runOnlyForDeploymentPostprocessing = 0;
		};
		86C417251C7449F9008C6FE7 /* Frameworks */ = {
			isa = PBXFrameworksBuildPhase;
			buildActionMask = 2147483647;
			files = (
			);
			runOnlyForDeploymentPostprocessing = 0;
		};
/* End PBXFrameworksBuildPhase section */

/* Begin PBXGroup section */
		86C417001C7449F9008C6FE7 = {
			isa = PBXGroup;
			children = (
				86C4170B1C7449F9008C6FE7 /* HW 3 */,
				86C417201C7449F9008C6FE7 /* HW 3Tests */,
				86C4172B1C7449F9008C6FE7 /* HW 3UITests */,
				86C4170A1C7449F9008C6FE7 /* Products */,
			);
			sourceTree = "<group>";
		};
		86C4170A1C7449F9008C6FE7 /* Products */ = {
			isa = PBXGroup;
			children = (
				86C417091C7449F9008C6FE7 /* HW 3.app */,
				86C4171D1C7449F9008C6FE7 /* HW 3Tests.xctest */,
				86C417281C7449F9008C6FE7 /* HW 3UITests.xctest */,
			);
			name = Products;
			sourceTree = "<group>";
		};
		86C4170B1C7449F9008C6FE7 /* HW 3 */ = {
			isa = PBXGroup;
			children = (
				86C4170C1C7449F9008C6FE7 /* AppDelegate.swift */,
				86C4170E1C7449F9008C6FE7 /* ViewController.swift */,
				86C417101C7449F9008C6FE7 /* Main.storyboard */,
				86C417131C7449F9008C6FE7 /* Assets.xcassets */,
				86C417151C7449F9008C6FE7 /* LaunchScreen.storyboard */,
				86C417181C7449F9008C6FE7 /* Info.plist */,
			);
			path = "HW 3";
			sourceTree = "<group>";
		};
		86C417201C7449F9008C6FE7 /* HW 3Tests */ = {
			isa = PBXGroup;
			children = (
				86C417211C7449F9008C6FE7 /* HW_3Tests.swift */,
				86C417231C7449F9008C6FE7 /* Info.plist */,
			);
			path = "HW 3Tests";
			sourceTree = "<group>";
		};
		86C4172B1C7449F9008C6FE7 /* HW 3UITests */ = {
			isa = PBXGroup;
			children = (
				86C4172C1C7449F9008C6FE7 /* HW_3UITests.swift */,
				86C4172E1C7449F9008C6FE7 /* Info.plist */,
			);
			path = "HW 3UITests";
			sourceTree = "<group>";
		};
/* End PBXGroup section */

/* Begin PBXNativeTarget section */
		86C417081C7449F9008C6FE7 /* HW 3 */ = {
			isa = PBXNativeTarget;
			buildConfigurationList = 86C417311C7449F9008C6FE7 /* Build configuration list for PBXNativeTarget "HW 3" */;
			buildPhases = (
				86C417051C7449F9008C6FE7 /* Sources */,
				86C417061C7449F9008C6FE7 /* Frameworks */,
				86C417071C7449F9008C6FE7 /* Resources */,
			);
			buildRules = (
			);
			dependencies = (
			);
			name = "HW 3";
			productName = "HW 3";
			productReference = 86C417091C7449F9008C6FE7 /* HW 3.app */;
			productType = "com.apple.product-type.application";
		};
		86C4171C1C7449F9008C6FE7 /* HW 3Tests */ = {
			isa = PBXNativeTarget;
			buildConfigurationList = 86C417341C7449F9008C6FE7 /* Build configuration list for PBXNativeTarget "HW 3Tests" */;
			buildPhases = (
				86C417191C7449F9008C6FE7 /* Sources */,
				86C4171A1C7449F9008C6FE7 /* Frameworks */,
				86C4171B1C7449F9008C6FE7 /* Resources */,
			);
			buildRules = (
			);
			dependencies = (
				86C4171F1C7449F9008C6FE7 /* PBXTargetDependency */,
			);
			name = "HW 3Tests";
			productName = "HW 3Tests";
			productReference = 86C4171D1C7449F9008C6FE7 /* HW 3Tests.xctest */;
			productType = "com.apple.product-type.bundle.unit-test";
		};
		86C417271C7449F9008C6FE7 /* HW 3UITests */ = {
			isa = PBXNativeTarget;
			buildConfigurationList = 86C417371C7449F9008C6FE7 /* Build configuration list for PBXNativeTarget "HW 3UITests" */;
			buildPhases = (
				86C417241C7449F9008C6FE7 /* Sources */,
				86C417251C7449F9008C6FE7 /* Frameworks */,
				86C417261C7449F9008C6FE7 /* Resources */,
			);
			buildRules = (
			);
			dependencies = (
				86C4172A1C7449F9008C6FE7 /* PBXTargetDependency */,
			);
			name = "HW 3UITests";
			productName = "HW 3UITests";
			productReference = 86C417281C7449F9008C6FE7 /* HW 3UITests.xctest */;
			productType = "com.apple.product-type.bundle.ui-testing";
		};
/* End PBXNativeTarget section */

/* Begin PBXProject section */
		86C417011C7449F9008C6FE7 /* Project object */ = {
			isa = PBXProject;
			attributes = {
				LastSwiftUpdateCheck = 0720;
				LastUpgradeCheck = 0720;
				ORGANIZATIONNAME = "Alvin Hsia";
				TargetAttributes = {
					86C417081C7449F9008C6FE7 = {
						CreatedOnToolsVersion = 7.2.1;
						DevelopmentTeam = RFKCMZ4W79;
					};
					86C4171C1C7449F9008C6FE7 = {
						CreatedOnToolsVersion = 7.2.1;
						DevelopmentTeam = RFKCMZ4W79;
						TestTargetID = 86C417081C7449F9008C6FE7;
					};
					86C417271C7449F9008C6FE7 = {
						CreatedOnToolsVersion = 7.2.1;
						DevelopmentTeam = RFKCMZ4W79;
						TestTargetID = 86C417081C7449F9008C6FE7;
					};
				};
			};
			buildConfigurationList = 86C417041C7449F9008C6FE7 /* Build configuration list for PBXProject "HW 3" */;
			compatibilityVersion = "Xcode 3.2";
			developmentRegion = English;
			hasScannedForEncodings = 0;
			knownRegions = (
				en,
				Base,
			);
			mainGroup = 86C417001C7449F9008C6FE7;
			productRefGroup = 86C4170A1C7449F9008C6FE7 /* Products */;
			projectDirPath = "";
			projectRoot = "";
			targets = (
				86C417081C7449F9008C6FE7 /* HW 3 */,
				86C4171C1C7449F9008C6FE7 /* HW 3Tests */,
				86C417271C7449F9008C6FE7 /* HW 3UITests */,
			);
		};
/* End PBXProject section */

/* Begin PBXResourcesBuildPhase section */
		86C417071C7449F9008C6FE7 /* Resources */ = {
			isa = PBXResourcesBuildPhase;
			buildActionMask = 2147483647;
			files = (
				86C417171C7449F9008C6FE7 /* LaunchScreen.storyboard in Resources */,
				86C417141C7449F9008C6FE7 /* Assets.xcassets in Resources */,
				86C417121C7449F9008C6FE7 /* Main.storyboard in Resources */,
			);
			runOnlyForDeploymentPostprocessing = 0;
		};
		86C4171B1C7449F9008C6FE7 /* Resources */ = {
			isa = PBXResourcesBuildPhase;
			buildActionMask = 2147483647;
			files = (
			);
			runOnlyForDeploymentPostprocessing = 0;
		};
		86C417261C7449F9008C6FE7 /* Resources */ = {
			isa = PBXResourcesBuildPhase;
			buildActionMask = 2147483647;
			files = (
			);
			runOnlyForDeploymentPostprocessing = 0;
		};
/* End PBXResourcesBuildPhase section */

/* Begin PBXSourcesBuildPhase section */
		86C417051C7449F9008C6FE7 /* Sources */ = {
			isa = PBXSourcesBuildPhase;
			buildActionMask = 2147483647;
			files = (
				86C4170F1C7449F9008C6FE7 /* ViewController.swift in Sources */,
				86C4170D1C7449F9008C6FE7 /* AppDelegate.swift in Sources */,
			);
			runOnlyForDeploymentPostprocessing = 0;
		};
		86C417191C7449F9008C6FE7 /* Sources */ = {
			isa = PBXSourcesBuildPhase;
			buildActionMask = 2147483647;
			files = (
				86C417221C7449F9008C6FE7 /* HW_3Tests.swift in Sources */,
			);
			runOnlyForDeploymentPostprocessing = 0;
		};
		86C417241C7449F9008C6FE7 /* Sources */ = {
			isa = PBXSourcesBuildPhase;
			buildActionMask = 2147483647;
			files = (
				86C4172D1C7449F9008C6FE7 /* HW_3UITests.swift in Sources */,
			);
			runOnlyForDeploymentPostprocessing = 0;
		};
/* End PBXSourcesBuildPhase section */

/* Begin PBXTargetDependency section */
		86C4171F1C7449F9008C6FE7 /* PBXTargetDependency */ = {
			isa = PBXTargetDependency;
			target = 86C417081C7449F9008C6FE7 /* HW 3 */;
			targetProxy = 86C4171E1C7449F9008C6FE7 /* PBXContainerItemProxy */;
		};
		86C4172A1C7449F9008C6FE7 /* PBXTargetDependency */ = {
			isa = PBXTargetDependency;
			target = 86C417081C7449F9008C6FE7 /* HW 3 */;
			targetProxy = 86C417291C7449F9008C6FE7 /* PBXContainerItemProxy */;
		};
/* End PBXTargetDependency section */

/* Begin PBXVariantGroup section */
		86C417101C7449F9008C6FE7 /* Main.storyboard */ = {
			isa = PBXVariantGroup;
			children = (
				86C417111C7449F9008C6FE7 /* Base */,
			);
			name = Main.storyboard;
			sourceTree = "<group>";
		};
		86C417151C7449F9008C6FE7 /* LaunchScreen.storyboard */ = {
			isa = PBXVariantGroup;
			children = (
				86C417161C7449F9008C6FE7 /* Base */,
			);
			name = LaunchScreen.storyboard;
			sourceTree = "<group>";
		};
/* End PBXVariantGroup section */

/* Begin XCBuildConfiguration section */
		86C4172F1C7449F9008C6FE7 /* Debug */ = {
			isa = XCBuildConfiguration;
			buildSettings = {
				ALWAYS_SEARCH_USER_PATHS = NO;
				CLANG_CXX_LANGUAGE_STANDARD = "gnu++0x";
				CLANG_CXX_LIBRARY = "libc++";
				CLANG_ENABLE_MODULES = YES;
				CLANG_ENABLE_OBJC_ARC = YES;
				CLANG_WARN_BOOL_CONVERSION = YES;
				CLANG_WARN_CONSTANT_CONVERSION = YES;
				CLANG_WARN_DIRECT_OBJC_ISA_USAGE = YES_ERROR;
				CLANG_WARN_EMPTY_BODY = YES;
				CLANG_WARN_ENUM_CONVERSION = YES;
				CLANG_WARN_INT_CONVERSION = YES;
				CLANG_WARN_OBJC_ROOT_CLASS = YES_ERROR;
				CLANG_WARN_UNREACHABLE_CODE = YES;
				CLANG_WARN__DUPLICATE_METHOD_MATCH = YES;
				"CODE_SIGN_IDENTITY[sdk=iphoneos*]" = "iPhone Developer";
				COPY_PHASE_STRIP = NO;
				DEBUG_INFORMATION_FORMAT = dwarf;
				ENABLE_STRICT_OBJC_MSGSEND = YES;
				ENABLE_TESTABILITY = YES;
				GCC_C_LANGUAGE_STANDARD = gnu99;
				GCC_DYNAMIC_NO_PIC = NO;
				GCC_NO_COMMON_BLOCKS = YES;
				GCC_OPTIMIZATION_LEVEL = 0;
				GCC_PREPROCESSOR_DEFINITIONS = (
					"DEBUG=1",
					"$(inherited)",
				);
				GCC_WARN_64_TO_32_BIT_CONVERSION = YES;
				GCC_WARN_ABOUT_RETURN_TYPE = YES_ERROR;
				GCC_WARN_UNDECLARED_SELECTOR = YES;
				GCC_WARN_UNINITIALIZED_AUTOS = YES_AGGRESSIVE;
				GCC_WARN_UNUSED_FUNCTION = YES;
				GCC_WARN_UNUSED_VARIABLE = YES;
				IPHONEOS_DEPLOYMENT_TARGET = 9.2;
				MTL_ENABLE_DEBUG_INFO = YES;
				ONLY_ACTIVE_ARCH = YES;
				SDKROOT = iphoneos;
				SWIFT_OPTIMIZATION_LEVEL = "-Onone";
			};
			name = Debug;
		};
		86C417301C7449F9008C6FE7 /* Release */ = {
			isa = XCBuildConfiguration;
			buildSettings = {
				ALWAYS_SEARCH_USER_PATHS = NO;
				CLANG_CXX_LANGUAGE_STANDARD = "gnu++0x";
				CLANG_CXX_LIBRARY = "libc++";
				CLANG_ENABLE_MODULES = YES;
				CLANG_ENABLE_OBJC_ARC = YES;
				CLANG_WARN_BOOL_CONVERSION = YES;
				CLANG_WARN_CONSTANT_CONVERSION = YES;
				CLANG_WARN_DIRECT_OBJC_ISA_USAGE = YES_ERROR;
				CLANG_WARN_EMPTY_BODY = YES;
				CLANG_WARN_ENUM_CONVERSION = YES;
				CLANG_WARN_INT_CONVERSION = YES;
				CLANG_WARN_OBJC_ROOT_CLASS = YES_ERROR;
				CLANG_WARN_UNREACHABLE_CODE = YES;
				CLANG_WARN__DUPLICATE_METHOD_MATCH = YES;
				"CODE_SIGN_IDENTITY[sdk=iphoneos*]" = "iPhone Developer";
				COPY_PHASE_STRIP = NO;
				DEBUG_INFORMATION_FORMAT = "dwarf-with-dsym";
				ENABLE_NS_ASSERTIONS = NO;
				ENABLE_STRICT_OBJC_MSGSEND = YES;
				GCC_C_LANGUAGE_STANDARD = gnu99;
				GCC_NO_COMMON_BLOCKS = YES;
				GCC_WARN_64_TO_32_BIT_CONVERSION = YES;
				GCC_WARN_ABOUT_RETURN_TYPE = YES_ERROR;
				GCC_WARN_UNDECLARED_SELECTOR = YES;
				GCC_WARN_UNINITIALIZED_AUTOS = YES_AGGRESSIVE;
				GCC_WARN_UNUSED_FUNCTION = YES;
				GCC_WARN_UNUSED_VARIABLE = YES;
				IPHONEOS_DEPLOYMENT_TARGET = 9.2;
				MTL_ENABLE_DEBUG_INFO = NO;
				SDKROOT = iphoneos;
				VALIDATE_PRODUCT = YES;
			};
			name = Release;
		};
		86C417321C7449F9008C6FE7 /* Debug */ = {
			isa = XCBuildConfiguration;
			buildSettings = {
				ASSETCATALOG_COMPILER_APPICON_NAME = AppIcon;
				INFOPLIST_FILE = "HW 3/Info.plist";
				LD_RUNPATH_SEARCH_PATHS = "$(inherited) @executable_path/Frameworks";
				PRODUCT_BUNDLE_IDENTIFIER = "alvin.HW-3";
				PRODUCT_NAME = "$(TARGET_NAME)";
			};
			name = Debug;
		};
		86C417331C7449F9008C6FE7 /* Release */ = {
			isa = XCBuildConfiguration;
			buildSettings = {
				ASSETCATALOG_COMPILER_APPICON_NAME = AppIcon;
				INFOPLIST_FILE = "HW 3/Info.plist";
				LD_RUNPATH_SEARCH_PATHS = "$(inherited) @executable_path/Frameworks";
				PRODUCT_BUNDLE_IDENTIFIER = "alvin.HW-3";
				PRODUCT_NAME = "$(TARGET_NAME)";
			};
			name = Release;
		};
		86C417351C7449F9008C6FE7 /* Debug */ = {
			isa = XCBuildConfiguration;
			buildSettings = {
				BUNDLE_LOADER = "$(TEST_HOST)";
				INFOPLIST_FILE = "HW 3Tests/Info.plist";
				LD_RUNPATH_SEARCH_PATHS = "$(inherited) @executable_path/Frameworks @loader_path/Frameworks";
				PRODUCT_BUNDLE_IDENTIFIER = "alvin.HW-3Tests";
				PRODUCT_NAME = "$(TARGET_NAME)";
				TEST_HOST = "$(BUILT_PRODUCTS_DIR)/HW 3.app/HW 3";
			};
			name = Debug;
		};
		86C417361C7449F9008C6FE7 /* Release */ = {
			isa = XCBuildConfiguration;
			buildSettings = {
				BUNDLE_LOADER = "$(TEST_HOST)";
				INFOPLIST_FILE = "HW 3Tests/Info.plist";
				LD_RUNPATH_SEARCH_PATHS = "$(inherited) @executable_path/Frameworks @loader_path/Frameworks";
				PRODUCT_BUNDLE_IDENTIFIER = "alvin.HW-3Tests";
				PRODUCT_NAME = "$(TARGET_NAME)";
				TEST_HOST = "$(BUILT_PRODUCTS_DIR)/HW 3.app/HW 3";
			};
			name = Release;
		};
		86C417381C7449F9008C6FE7 /* Debug */ = {
			isa = XCBuildConfiguration;
			buildSettings = {
				INFOPLIST_FILE = "HW 3UITests/Info.plist";
				LD_RUNPATH_SEARCH_PATHS = "$(inherited) @executable_path/Frameworks @loader_path/Frameworks";
				PRODUCT_BUNDLE_IDENTIFIER = "alvin.HW-3UITests";
				PRODUCT_NAME = "$(TARGET_NAME)";
				TEST_TARGET_NAME = "HW 3";
				USES_XCTRUNNER = YES;
			};
			name = Debug;
		};
		86C417391C7449F9008C6FE7 /* Release */ = {
			isa = XCBuildConfiguration;
			buildSettings = {
				INFOPLIST_FILE = "HW 3UITests/Info.plist";
				LD_RUNPATH_SEARCH_PATHS = "$(inherited) @executable_path/Frameworks @loader_path/Frameworks";
				PRODUCT_BUNDLE_IDENTIFIER = "alvin.HW-3UITests";
				PRODUCT_NAME = "$(TARGET_NAME)";
				TEST_TARGET_NAME = "HW 3";
				USES_XCTRUNNER = YES;
			};
			name = Release;
		};
/* End XCBuildConfiguration section */

/* Begin XCConfigurationList section */
		86C417041C7449F9008C6FE7 /* Build configuration list for PBXProject "HW 3" */ = {
			isa = XCConfigurationList;
			buildConfigurations = (
				86C4172F1C7449F9008C6FE7 /* Debug */,
				86C417301C7449F9008C6FE7 /* Release */,
			);
			defaultConfigurationIsVisible = 0;
			defaultConfigurationName = Release;
		};
		86C417311C7449F9008C6FE7 /* Build configuration list for PBXNativeTarget "HW 3" */ = {
			isa = XCConfigurationList;
			buildConfigurations = (
				86C417321C7449F9008C6FE7 /* Debug */,
				86C417331C7449F9008C6FE7 /* Release */,
			);
			defaultConfigurationIsVisible = 0;
		};
		86C417341C7449F9008C6FE7 /* Build configuration list for PBXNativeTarget "HW 3Tests" */ = {
			isa = XCConfigurationList;
			buildConfigurations = (
				86C417351C7449F9008C6FE7 /* Debug */,
				86C417361C7449F9008C6FE7 /* Release */,
			);
			defaultConfigurationIsVisible = 0;
		};
		86C417371C7449F9008C6FE7 /* Build configuration list for PBXNativeTarget "HW 3UITests" */ = {
			isa = XCConfigurationList;
			buildConfigurations = (
				86C417381C7449F9008C6FE7 /* Debug */,
				86C417391C7449F9008C6FE7 /* Release */,
			);
			defaultConfigurationIsVisible = 0;
		};
/* End XCConfigurationList section */
	};
	rootObject = 86C417011C7449F9008C6FE7 /* Project object */;
}
